// !$*UTF8*$!
{
	archiveVersion = 1;
	classes = {
	};
	objectVersion = 56;
	objects = {

/* Begin PBXBuildFile section */
		DC7BA64E29EDAEDF009C0033 /* AppDelegate.swift in Sources */ = {isa = PBXBuildFile; fileRef = DC7BA64D29EDAEDF009C0033 /* AppDelegate.swift */; };
		DC7BA65029EDAEDF009C0033 /* SceneDelegate.swift in Sources */ = {isa = PBXBuildFile; fileRef = DC7BA64F29EDAEDF009C0033 /* SceneDelegate.swift */; };
		DC7BA65229EDAEDF009C0033 /* ViewController.swift in Sources */ = {isa = PBXBuildFile; fileRef = DC7BA65129EDAEDF009C0033 /* ViewController.swift */; };
		DC7BA65529EDAEDF009C0033 /* Main.storyboard in Resources */ = {isa = PBXBuildFile; fileRef = DC7BA65329EDAEDF009C0033 /* Main.storyboard */; };
		DC7BA65729EDAEE1009C0033 /* Assets.xcassets in Resources */ = {isa = PBXBuildFile; fileRef = DC7BA65629EDAEE1009C0033 /* Assets.xcassets */; };
		DC7BA65A29EDAEE1009C0033 /* LaunchScreen.storyboard in Resources */ = {isa = PBXBuildFile; fileRef = DC7BA65829EDAEE1009C0033 /* LaunchScreen.storyboard */; };
		DC7BA66529EDAEE1009C0033 /* login_pageTests.swift in Sources */ = {isa = PBXBuildFile; fileRef = DC7BA66429EDAEE1009C0033 /* login_pageTests.swift */; };
		DC7BA66F29EDAEE1009C0033 /* login_pageUITests.swift in Sources */ = {isa = PBXBuildFile; fileRef = DC7BA66E29EDAEE1009C0033 /* login_pageUITests.swift */; };
		DC7BA67129EDAEE1009C0033 /* login_pageUITestsLaunchTests.swift in Sources */ = {isa = PBXBuildFile; fileRef = DC7BA67029EDAEE1009C0033 /* login_pageUITestsLaunchTests.swift */; };
/* End PBXBuildFile section */

/* Begin PBXContainerItemProxy section */
		DC7BA66129EDAEE1009C0033 /* PBXContainerItemProxy */ = {
			isa = PBXContainerItemProxy;
			containerPortal = DC7BA64229EDAEDF009C0033 /* Project object */;
			proxyType = 1;
			remoteGlobalIDString = DC7BA64929EDAEDF009C0033;
			remoteInfo = login_page;
		};
		DC7BA66B29EDAEE1009C0033 /* PBXContainerItemProxy */ = {
			isa = PBXContainerItemProxy;
			containerPortal = DC7BA64229EDAEDF009C0033 /* Project object */;
			proxyType = 1;
			remoteGlobalIDString = DC7BA64929EDAEDF009C0033;
			remoteInfo = login_page;
		};
/* End PBXContainerItemProxy section */

/* Begin PBXFileReference section */
		DC7BA64A29EDAEDF009C0033 /* login_page.app */ = {isa = PBXFileReference; explicitFileType = wrapper.application; includeInIndex = 0; path = login_page.app; sourceTree = BUILT_PRODUCTS_DIR; };
		DC7BA64D29EDAEDF009C0033 /* AppDelegate.swift */ = {isa = PBXFileReference; lastKnownFileType = sourcecode.swift; path = AppDelegate.swift; sourceTree = "<group>"; };
		DC7BA64F29EDAEDF009C0033 /* SceneDelegate.swift */ = {isa = PBXFileReference; lastKnownFileType = sourcecode.swift; path = SceneDelegate.swift; sourceTree = "<group>"; };
		DC7BA65129EDAEDF009C0033 /* ViewController.swift */ = {isa = PBXFileReference; lastKnownFileType = sourcecode.swift; path = ViewController.swift; sourceTree = "<group>"; };
		DC7BA65429EDAEDF009C0033 /* Base */ = {isa = PBXFileReference; lastKnownFileType = file.storyboard; name = Base; path = Base.lproj/Main.storyboard; sourceTree = "<group>"; };
		DC7BA65629EDAEE1009C0033 /* Assets.xcassets */ = {isa = PBXFileReference; lastKnownFileType = folder.assetcatalog; path = Assets.xcassets; sourceTree = "<group>"; };
		DC7BA65929EDAEE1009C0033 /* Base */ = {isa = PBXFileReference; lastKnownFileType = file.storyboard; name = Base; path = Base.lproj/LaunchScreen.storyboard; sourceTree = "<group>"; };
		DC7BA65B29EDAEE1009C0033 /* Info.plist */ = {isa = PBXFileReference; lastKnownFileType = text.plist.xml; path = Info.plist; sourceTree = "<group>"; };
		DC7BA66029EDAEE1009C0033 /* login_pageTests.xctest */ = {isa = PBXFileReference; explicitFileType = wrapper.cfbundle; includeInIndex = 0; path = login_pageTests.xctest; sourceTree = BUILT_PRODUCTS_DIR; };
		DC7BA66429EDAEE1009C0033 /* login_pageTests.swift */ = {isa = PBXFileReference; lastKnownFileType = sourcecode.swift; path = login_pageTests.swift; sourceTree = "<group>"; };
		DC7BA66A29EDAEE1009C0033 /* login_pageUITests.xctest */ = {isa = PBXFileReference; explicitFileType = wrapper.cfbundle; includeInIndex = 0; path = login_pageUITests.xctest; sourceTree = BUILT_PRODUCTS_DIR; };
		DC7BA66E29EDAEE1009C0033 /* login_pageUITests.swift */ = {isa = PBXFileReference; lastKnownFileType = sourcecode.swift; path = login_pageUITests.swift; sourceTree = "<group>"; };
		DC7BA67029EDAEE1009C0033 /* login_pageUITestsLaunchTests.swift */ = {isa = PBXFileReference; lastKnownFileType = sourcecode.swift; path = login_pageUITestsLaunchTests.swift; sourceTree = "<group>"; };
/* End PBXFileReference section */

/* Begin PBXFrameworksBuildPhase section */
		DC7BA64729EDAEDF009C0033 /* Frameworks */ = {
			isa = PBXFrameworksBuildPhase;
			buildActionMask = 2147483647;
			files = (
			);
			runOnlyForDeploymentPostprocessing = 0;
		};
		DC7BA65D29EDAEE1009C0033 /* Frameworks */ = {
			isa = PBXFrameworksBuildPhase;
			buildActionMask = 2147483647;
			files = (
			);
			runOnlyForDeploymentPostprocessing = 0;
		};
		DC7BA66729EDAEE1009C0033 /* Frameworks */ = {
			isa = PBXFrameworksBuildPhase;
			buildActionMask = 2147483647;
			files = (
			);
			runOnlyForDeploymentPostprocessing = 0;
		};
/* End PBXFrameworksBuildPhase section */

/* Begin PBXGroup section */
		DC7BA64129EDAEDF009C0033 = {
			isa = PBXGroup;
			children = (
				DC7BA64C29EDAEDF009C0033 /* login_page */,
				DC7BA66329EDAEE1009C0033 /* login_pageTests */,
				DC7BA66D29EDAEE1009C0033 /* login_pageUITests */,
				DC7BA64B29EDAEDF009C0033 /* Products */,
			);
			sourceTree = "<group>";
		};
		DC7BA64B29EDAEDF009C0033 /* Products */ = {
			isa = PBXGroup;
			children = (
				DC7BA64A29EDAEDF009C0033 /* login_page.app */,
				DC7BA66029EDAEE1009C0033 /* login_pageTests.xctest */,
				DC7BA66A29EDAEE1009C0033 /* login_pageUITests.xctest */,
			);
			name = Products;
			sourceTree = "<group>";
		};
		DC7BA64C29EDAEDF009C0033 /* login_page */ = {
			isa = PBXGroup;
			children = (
				DC7BA64D29EDAEDF009C0033 /* AppDelegate.swift */,
				DC7BA64F29EDAEDF009C0033 /* SceneDelegate.swift */,
				DC7BA65129EDAEDF009C0033 /* ViewController.swift */,
				DC7BA65329EDAEDF009C0033 /* Main.storyboard */,
				DC7BA65629EDAEE1009C0033 /* Assets.xcassets */,
				DC7BA65829EDAEE1009C0033 /* LaunchScreen.storyboard */,
				DC7BA65B29EDAEE1009C0033 /* Info.plist */,
			);
			path = login_page;
			sourceTree = "<group>";
		};
		DC7BA66329EDAEE1009C0033 /* login_pageTests */ = {
			isa = PBXGroup;
			children = (
				DC7BA66429EDAEE1009C0033 /* login_pageTests.swift */,
			);
			path = login_pageTests;
			sourceTree = "<group>";
		};
		DC7BA66D29EDAEE1009C0033 /* login_pageUITests */ = {
			isa = PBXGroup;
			children = (
				DC7BA66E29EDAEE1009C0033 /* login_pageUITests.swift */,
				DC7BA67029EDAEE1009C0033 /* login_pageUITestsLaunchTests.swift */,
			);
			path = login_pageUITests;
			sourceTree = "<group>";
		};
/* End PBXGroup section */

/* Begin PBXNativeTarget section */
		DC7BA64929EDAEDF009C0033 /* login_page */ = {
			isa = PBXNativeTarget;
			buildConfigurationList = DC7BA67429EDAEE1009C0033 /* Build configuration list for PBXNativeTarget "login_page" */;
			buildPhases = (
				DC7BA64629EDAEDF009C0033 /* Sources */,
				DC7BA64729EDAEDF009C0033 /* Frameworks */,
				DC7BA64829EDAEDF009C0033 /* Resources */,
			);
			buildRules = (
			);
			dependencies = (
			);
			name = login_page;
			productName = login_page;
			productReference = DC7BA64A29EDAEDF009C0033 /* login_page.app */;
			productType = "com.apple.product-type.application";
		};
		DC7BA65F29EDAEE1009C0033 /* login_pageTests */ = {
			isa = PBXNativeTarget;
			buildConfigurationList = DC7BA67729EDAEE1009C0033 /* Build configuration list for PBXNativeTarget "login_pageTests" */;
			buildPhases = (
				DC7BA65C29EDAEE1009C0033 /* Sources */,
				DC7BA65D29EDAEE1009C0033 /* Frameworks */,
				DC7BA65E29EDAEE1009C0033 /* Resources */,
			);
			buildRules = (
			);
			dependencies = (
				DC7BA66229EDAEE1009C0033 /* PBXTargetDependency */,
			);
			name = login_pageTests;
			productName = login_pageTests;
			productReference = DC7BA66029EDAEE1009C0033 /* login_pageTests.xctest */;
			productType = "com.apple.product-type.bundle.unit-test";
		};
		DC7BA66929EDAEE1009C0033 /* login_pageUITests */ = {
			isa = PBXNativeTarget;
			buildConfigurationList = DC7BA67A29EDAEE1009C0033 /* Build configuration list for PBXNativeTarget "login_pageUITests" */;
			buildPhases = (
				DC7BA66629EDAEE1009C0033 /* Sources */,
				DC7BA66729EDAEE1009C0033 /* Frameworks */,
				DC7BA66829EDAEE1009C0033 /* Resources */,
			);
			buildRules = (
			);
			dependencies = (
				DC7BA66C29EDAEE1009C0033 /* PBXTargetDependency */,
			);
			name = login_pageUITests;
			productName = login_pageUITests;
			productReference = DC7BA66A29EDAEE1009C0033 /* login_pageUITests.xctest */;
			productType = "com.apple.product-type.bundle.ui-testing";
		};
/* End PBXNativeTarget section */

/* Begin PBXProject section */
		DC7BA64229EDAEDF009C0033 /* Project object */ = {
			isa = PBXProject;
			attributes = {
				BuildIndependentTargetsInParallel = 1;
				LastSwiftUpdateCheck = 1420;
				LastUpgradeCheck = 1420;
				TargetAttributes = {
					DC7BA64929EDAEDF009C0033 = {
						CreatedOnToolsVersion = 14.2;
					};
					DC7BA65F29EDAEE1009C0033 = {
						CreatedOnToolsVersion = 14.2;
						TestTargetID = DC7BA64929EDAEDF009C0033;
					};
					DC7BA66929EDAEE1009C0033 = {
						CreatedOnToolsVersion = 14.2;
						TestTargetID = DC7BA64929EDAEDF009C0033;
					};
				};
			};
			buildConfigurationList = DC7BA64529EDAEDF009C0033 /* Build configuration list for PBXProject "login_page" */;
			compatibilityVersion = "Xcode 14.0";
			developmentRegion = en;
			hasScannedForEncodings = 0;
			knownRegions = (
				en,
				Base,
			);
			mainGroup = DC7BA64129EDAEDF009C0033;
			productRefGroup = DC7BA64B29EDAEDF009C0033 /* Products */;
			projectDirPath = "";
			projectRoot = "";
			targets = (
				DC7BA64929EDAEDF009C0033 /* login_page */,
				DC7BA65F29EDAEE1009C0033 /* login_pageTests */,
				DC7BA66929EDAEE1009C0033 /* login_pageUITests */,
			);
		};
/* End PBXProject section */

/* Begin PBXResourcesBuildPhase section */
		DC7BA64829EDAEDF009C0033 /* Resources */ = {
			isa = PBXResourcesBuildPhase;
			buildActionMask = 2147483647;
			files = (
				DC7BA65A29EDAEE1009C0033 /* LaunchScreen.storyboard in Resources */,
				DC7BA65729EDAEE1009C0033 /* Assets.xcassets in Resources */,
				DC7BA65529EDAEDF009C0033 /* Main.storyboard in Resources */,
			);
			runOnlyForDeploymentPostprocessing = 0;
		};
		DC7BA65E29EDAEE1009C0033 /* Resources */ = {
			isa = PBXResourcesBuildPhase;
			buildActionMask = 2147483647;
			files = (
			);
			runOnlyForDeploymentPostprocessing = 0;
		};
		DC7BA66829EDAEE1009C0033 /* Resources */ = {
			isa = PBXResourcesBuildPhase;
			buildActionMask = 2147483647;
			files = (
			);
			runOnlyForDeploymentPostprocessing = 0;
		};
/* End PBXResourcesBuildPhase section */

/* Begin PBXSourcesBuildPhase section */
		DC7BA64629EDAEDF009C0033 /* Sources */ = {
			isa = PBXSourcesBuildPhase;
			buildActionMask = 2147483647;
			files = (
				DC7BA65229EDAEDF009C0033 /* ViewController.swift in Sources */,
				DC7BA64E29EDAEDF009C0033 /* AppDelegate.swift in Sources */,
				DC7BA65029EDAEDF009C0033 /* SceneDelegate.swift in Sources */,
			);
			runOnlyForDeploymentPostprocessing = 0;
		};
		DC7BA65C29EDAEE1009C0033 /* Sources */ = {
			isa = PBXSourcesBuildPhase;
			buildActionMask = 2147483647;
			files = (
				DC7BA66529EDAEE1009C0033 /* login_pageTests.swift in Sources */,
			);
			runOnlyForDeploymentPostprocessing = 0;
		};
		DC7BA66629EDAEE1009C0033 /* Sources */ = {
			isa = PBXSourcesBuildPhase;
			buildActionMask = 2147483647;
			files = (
				DC7BA66F29EDAEE1009C0033 /* login_pageUITests.swift in Sources */,
				DC7BA67129EDAEE1009C0033 /* login_pageUITestsLaunchTests.swift in Sources */,
			);
			runOnlyForDeploymentPostprocessing = 0;
		};
/* End PBXSourcesBuildPhase section */

/* Begin PBXTargetDependency section */
		DC7BA66229EDAEE1009C0033 /* PBXTargetDependency */ = {
			isa = PBXTargetDependency;
			target = DC7BA64929EDAEDF009C0033 /* login_page */;
			targetProxy = DC7BA66129EDAEE1009C0033 /* PBXContainerItemProxy */;
		};
		DC7BA66C29EDAEE1009C0033 /* PBXTargetDependency */ = {
			isa = PBXTargetDependency;
			target = DC7BA64929EDAEDF009C0033 /* login_page */;
			targetProxy = DC7BA66B29EDAEE1009C0033 /* PBXContainerItemProxy */;
		};
/* End PBXTargetDependency section */

/* Begin PBXVariantGroup section */
		DC7BA65329EDAEDF009C0033 /* Main.storyboard */ = {
			isa = PBXVariantGroup;
			children = (
				DC7BA65429EDAEDF009C0033 /* Base */,
			);
			name = Main.storyboard;
			sourceTree = "<group>";
		};
		DC7BA65829EDAEE1009C0033 /* LaunchScreen.storyboard */ = {
			isa = PBXVariantGroup;
			children = (
				DC7BA65929EDAEE1009C0033 /* Base */,
			);
			name = LaunchScreen.storyboard;
			sourceTree = "<group>";
		};
/* End PBXVariantGroup section */

/* Begin XCBuildConfiguration section */
		DC7BA67229EDAEE1009C0033 /* Debug */ = {
			isa = XCBuildConfiguration;
			buildSettings = {
				ALWAYS_SEARCH_USER_PATHS = NO;
				CLANG_ANALYZER_NONNULL = YES;
				CLANG_ANALYZER_NUMBER_OBJECT_CONVERSION = YES_AGGRESSIVE;
				CLANG_CXX_LANGUAGE_STANDARD = "gnu++20";
				CLANG_ENABLE_MODULES = YES;
				CLANG_ENABLE_OBJC_ARC = YES;
				CLANG_ENABLE_OBJC_WEAK = YES;
				CLANG_WARN_BLOCK_CAPTURE_AUTORELEASING = YES;
				CLANG_WARN_BOOL_CONVERSION = YES;
				CLANG_WARN_COMMA = YES;
				CLANG_WARN_CONSTANT_CONVERSION = YES;
				CLANG_WARN_DEPRECATED_OBJC_IMPLEMENTATIONS = YES;
				CLANG_WARN_DIRECT_OBJC_ISA_USAGE = YES_ERROR;
				CLANG_WARN_DOCUMENTATION_COMMENTS = YES;
				CLANG_WARN_EMPTY_BODY = YES;
				CLANG_WARN_ENUM_CONVERSION = YES;
				CLANG_WARN_INFINITE_RECURSION = YES;
				CLANG_WARN_INT_CONVERSION = YES;
				CLANG_WARN_NON_LITERAL_NULL_CONVERSION = YES;
				CLANG_WARN_OBJC_IMPLICIT_RETAIN_SELF = YES;
				CLANG_WARN_OBJC_LITERAL_CONVERSION = YES;
				CLANG_WARN_OBJC_ROOT_CLASS = YES_ERROR;
				CLANG_WARN_QUOTED_INCLUDE_IN_FRAMEWORK_HEADER = YES;
				CLANG_WARN_RANGE_LOOP_ANALYSIS = YES;
				CLANG_WARN_STRICT_PROTOTYPES = YES;
				CLANG_WARN_SUSPICIOUS_MOVE = YES;
				CLANG_WARN_UNGUARDED_AVAILABILITY = YES_AGGRESSIVE;
				CLANG_WARN_UNREACHABLE_CODE = YES;
				CLANG_WARN__DUPLICATE_METHOD_MATCH = YES;
				COPY_PHASE_STRIP = NO;
				DEBUG_INFORMATION_FORMAT = dwarf;
				ENABLE_STRICT_OBJC_MSGSEND = YES;
				ENABLE_TESTABILITY = YES;
				GCC_C_LANGUAGE_STANDARD = gnu11;
				GCC_DYNAMIC_NO_PIC = NO;
				GCC_NO_COMMON_BLOCKS = YES;
				GCC_OPTIMIZATION_LEVEL = 0;
				GCC_PREPROCESSOR_DEFINITIONS = (
					"DEBUG=1",
					"$(inherited)",
				);
				GCC_WARN_64_TO_32_BIT_CONVERSION = YES;
				GCC_WARN_ABOUT_RETURN_TYPE = YES_ERROR;
				GCC_WARN_UNDECLARED_SELECTOR = YES;
				GCC_WARN_UNINITIALIZED_AUTOS = YES_AGGRESSIVE;
				GCC_WARN_UNUSED_FUNCTION = YES;
				GCC_WARN_UNUSED_VARIABLE = YES;
				IPHONEOS_DEPLOYMENT_TARGET = 16.2;
				MTL_ENABLE_DEBUG_INFO = INCLUDE_SOURCE;
				MTL_FAST_MATH = YES;
				ONLY_ACTIVE_ARCH = YES;
				SDKROOT = iphoneos;
				SWIFT_ACTIVE_COMPILATION_CONDITIONS = DEBUG;
				SWIFT_OPTIMIZATION_LEVEL = "-Onone";
			};
			name = Debug;
		};
		DC7BA67329EDAEE1009C0033 /* Release */ = {
			isa = XCBuildConfiguration;
			buildSettings = {
				ALWAYS_SEARCH_USER_PATHS = NO;
				CLANG_ANALYZER_NONNULL = YES;
				CLANG_ANALYZER_NUMBER_OBJECT_CONVERSION = YES_AGGRESSIVE;
				CLANG_CXX_LANGUAGE_STANDARD = "gnu++20";
				CLANG_ENABLE_MODULES = YES;
				CLANG_ENABLE_OBJC_ARC = YES;
				CLANG_ENABLE_OBJC_WEAK = YES;
				CLANG_WARN_BLOCK_CAPTURE_AUTORELEASING = YES;
				CLANG_WARN_BOOL_CONVERSION = YES;
				CLANG_WARN_COMMA = YES;
				CLANG_WARN_CONSTANT_CONVERSION = YES;
				CLANG_WARN_DEPRECATED_OBJC_IMPLEMENTATIONS = YES;
				CLANG_WARN_DIRECT_OBJC_ISA_USAGE = YES_ERROR;
				CLANG_WARN_DOCUMENTATION_COMMENTS = YES;
				CLANG_WARN_EMPTY_BODY = YES;
				CLANG_WARN_ENUM_CONVERSION = YES;
				CLANG_WARN_INFINITE_RECURSION = YES;
				CLANG_WARN_INT_CONVERSION = YES;
				CLANG_WARN_NON_LITERAL_NULL_CONVERSION = YES;
				CLANG_WARN_OBJC_IMPLICIT_RETAIN_SELF = YES;
				CLANG_WARN_OBJC_LITERAL_CONVERSION = YES;
				CLANG_WARN_OBJC_ROOT_CLASS = YES_ERROR;
				CLANG_WARN_QUOTED_INCLUDE_IN_FRAMEWORK_HEADER = YES;
				CLANG_WARN_RANGE_LOOP_ANALYSIS = YES;
				CLANG_WARN_STRICT_PROTOTYPES = YES;
				CLANG_WARN_SUSPICIOUS_MOVE = YES;
				CLANG_WARN_UNGUARDED_AVAILABILITY = YES_AGGRESSIVE;
				CLANG_WARN_UNREACHABLE_CODE = YES;
				CLANG_WARN__DUPLICATE_METHOD_MATCH = YES;
				COPY_PHASE_STRIP = NO;
				DEBUG_INFORMATION_FORMAT = "dwarf-with-dsym";
				ENABLE_NS_ASSERTIONS = NO;
				ENABLE_STRICT_OBJC_MSGSEND = YES;
				GCC_C_LANGUAGE_STANDARD = gnu11;
				GCC_NO_COMMON_BLOCKS = YES;
				GCC_WARN_64_TO_32_BIT_CONVERSION = YES;
				GCC_WARN_ABOUT_RETURN_TYPE = YES_ERROR;
				GCC_WARN_UNDECLARED_SELECTOR = YES;
				GCC_WARN_UNINITIALIZED_AUTOS = YES_AGGRESSIVE;
				GCC_WARN_UNUSED_FUNCTION = YES;
				GCC_WARN_UNUSED_VARIABLE = YES;
				IPHONEOS_DEPLOYMENT_TARGET = 16.2;
				MTL_ENABLE_DEBUG_INFO = NO;
				MTL_FAST_MATH = YES;
				SDKROOT = iphoneos;
				SWIFT_COMPILATION_MODE = wholemodule;
				SWIFT_OPTIMIZATION_LEVEL = "-O";
				VALIDATE_PRODUCT = YES;
			};
			name = Release;
		};
		DC7BA67529EDAEE1009C0033 /* Debug */ = {
			isa = XCBuildConfiguration;
			buildSettings = {
				ASSETCATALOG_COMPILER_APPICON_NAME = AppIcon;
				ASSETCATALOG_COMPILER_GLOBAL_ACCENT_COLOR_NAME = AccentColor;
				CODE_SIGN_STYLE = Automatic;
				CURRENT_PROJECT_VERSION = 1;
				GENERATE_INFOPLIST_FILE = YES;
				INFOPLIST_FILE = login_page/Info.plist;
				INFOPLIST_KEY_UIApplicationSupportsIndirectInputEvents = YES;
				INFOPLIST_KEY_UILaunchStoryboardName = LaunchScreen;
				INFOPLIST_KEY_UIMainStoryboardFile = Main;
				INFOPLIST_KEY_UISupportedInterfaceOrientations_iPad = "UIInterfaceOrientationPortrait UIInterfaceOrientationPortraitUpsideDown UIInterfaceOrientationLandscapeLeft UIInterfaceOrientationLandscapeRight";
				INFOPLIST_KEY_UISupportedInterfaceOrientations_iPhone = "UIInterfaceOrientationPortrait UIInterfaceOrientationLandscapeLeft UIInterfaceOrientationLandscapeRight";
				LD_RUNPATH_SEARCH_PATHS = (
					"$(inherited)",
					"@executable_path/Frameworks",
				);
				MARKETING_VERSION = 1.0;
				PRODUCT_BUNDLE_IDENTIFIER = "kz.mobydev.login-page";
				PRODUCT_NAME = "$(TARGET_NAME)";
				SWIFT_EMIT_LOC_STRINGS = YES;
				SWIFT_VERSION = 5.0;
				TARGETED_DEVICE_FAMILY = "1,2";
			};
			name = Debug;
		};
		DC7BA67629EDAEE1009C0033 /* Release */ = {
			isa = XCBuildConfiguration;
			buildSettings = {
				ASSETCATALOG_COMPILER_APPICON_NAME = AppIcon;
				ASSETCATALOG_COMPILER_GLOBAL_ACCENT_COLOR_NAME = AccentColor;
				CODE_SIGN_STYLE = Automatic;
				CURRENT_PROJECT_VERSION = 1;
				GENERATE_INFOPLIST_FILE = YES;
				INFOPLIST_FILE = login_page/Info.plist;
				INFOPLIST_KEY_UIApplicationSupportsIndirectInputEvents = YES;
				INFOPLIST_KEY_UILaunchStoryboardName = LaunchScreen;
				INFOPLIST_KEY_UIMainStoryboardFile = Main;
				INFOPLIST_KEY_UISupportedInterfaceOrientations_iPad = "UIInterfaceOrientationPortrait UIInterfaceOrientationPortraitUpsideDown UIInterfaceOrientationLandscapeLeft UIInterfaceOrientationLandscapeRight";
				INFOPLIST_KEY_UISupportedInterfaceOrientations_iPhone = "UIInterfaceOrientationPortrait UIInterfaceOrientationLandscapeLeft UIInterfaceOrientationLandscapeRight";
				LD_RUNPATH_SEARCH_PATHS = (
					"$(inherited)",
					"@executable_path/Frameworks",
				);
				MARKETING_VERSION = 1.0;
				PRODUCT_BUNDLE_IDENTIFIER = "kz.mobydev.login-page";
				PRODUCT_NAME = "$(TARGET_NAME)";
				SWIFT_EMIT_LOC_STRINGS = YES;
				SWIFT_VERSION = 5.0;
				TARGETED_DEVICE_FAMILY = "1,2";
			};
			name = Release;
		};
		DC7BA67829EDAEE1009C0033 /* Debug */ = {
			isa = XCBuildConfiguration;
			buildSettings = {
				ALWAYS_EMBED_SWIFT_STANDARD_LIBRARIES = YES;
				BUNDLE_LOADER = "$(TEST_HOST)";
				CODE_SIGN_STYLE = Automatic;
				CURRENT_PROJECT_VERSION = 1;
				GENERATE_INFOPLIST_FILE = YES;
				IPHONEOS_DEPLOYMENT_TARGET = 16.2;
				MARKETING_VERSION = 1.0;
				PRODUCT_BUNDLE_IDENTIFIER = "kz.mobydev.login-pageTests";
				PRODUCT_NAME = "$(TARGET_NAME)";
				SWIFT_EMIT_LOC_STRINGS = NO;
				SWIFT_VERSION = 5.0;
				TARGETED_DEVICE_FAMILY = "1,2";
				TEST_HOST = "$(BUILT_PRODUCTS_DIR)/login_page.app/$(BUNDLE_EXECUTABLE_FOLDER_PATH)/login_page";
			};
			name = Debug;
		};
		DC7BA67929EDAEE1009C0033 /* Release */ = {
			isa = XCBuildConfiguration;
			buildSettings = {
				ALWAYS_EMBED_SWIFT_STANDARD_LIBRARIES = YES;
				BUNDLE_LOADER = "$(TEST_HOST)";
				CODE_SIGN_STYLE = Automatic;
				CURRENT_PROJECT_VERSION = 1;
				GENERATE_INFOPLIST_FILE = YES;
				IPHONEOS_DEPLOYMENT_TARGET = 16.2;
				MARKETING_VERSION = 1.0;
				PRODUCT_BUNDLE_IDENTIFIER = "kz.mobydev.login-pageTests";
				PRODUCT_NAME = "$(TARGET_NAME)";
				SWIFT_EMIT_LOC_STRINGS = NO;
				SWIFT_VERSION = 5.0;
				TARGETED_DEVICE_FAMILY = "1,2";
				TEST_HOST = "$(BUILT_PRODUCTS_DIR)/login_page.app/$(BUNDLE_EXECUTABLE_FOLDER_PATH)/login_page";
			};
			name = Release;
		};
		DC7BA67B29EDAEE1009C0033 /* Debug */ = {
			isa = XCBuildConfiguration;
			buildSettings = {
				ALWAYS_EMBED_SWIFT_STANDARD_LIBRARIES = YES;
				CODE_SIGN_STYLE = Automatic;
				CURRENT_PROJECT_VERSION = 1;
				GENERATE_INFOPLIST_FILE = YES;
				MARKETING_VERSION = 1.0;
				PRODUCT_BUNDLE_IDENTIFIER = "kz.mobydev.login-pageUITests";
				PRODUCT_NAME = "$(TARGET_NAME)";
				SWIFT_EMIT_LOC_STRINGS = NO;
				SWIFT_VERSION = 5.0;
				TARGETED_DEVICE_FAMILY = "1,2";
				TEST_TARGET_NAME = login_page;
			};
			name = Debug;
		};
		DC7BA67C29EDAEE1009C0033 /* Release */ = {
			isa = XCBuildConfiguration;
			buildSettings = {
				ALWAYS_EMBED_SWIFT_STANDARD_LIBRARIES = YES;
				CODE_SIGN_STYLE = Automatic;
				CURRENT_PROJECT_VERSION = 1;
				GENERATE_INFOPLIST_FILE = YES;
				MARKETING_VERSION = 1.0;
				PRODUCT_BUNDLE_IDENTIFIER = "kz.mobydev.login-pageUITests";
				PRODUCT_NAME = "$(TARGET_NAME)";
				SWIFT_EMIT_LOC_STRINGS = NO;
				SWIFT_VERSION = 5.0;
				TARGETED_DEVICE_FAMILY = "1,2";
				TEST_TARGET_NAME = login_page;
			};
			name = Release;
		};
/* End XCBuildConfiguration section */

/* Begin XCConfigurationList section */
		DC7BA64529EDAEDF009C0033 /* Build configuration list for PBXProject "login_page" */ = {
			isa = XCConfigurationList;
			buildConfigurations = (
				DC7BA67229EDAEE1009C0033 /* Debug */,
				DC7BA67329EDAEE1009C0033 /* Release */,
			);
			defaultConfigurationIsVisible = 0;
			defaultConfigurationName = Release;
		};
		DC7BA67429EDAEE1009C0033 /* Build configuration list for PBXNativeTarget "login_page" */ = {
			isa = XCConfigurationList;
			buildConfigurations = (
				DC7BA67529EDAEE1009C0033 /* Debug */,
				DC7BA67629EDAEE1009C0033 /* Release */,
			);
			defaultConfigurationIsVisible = 0;
			defaultConfigurationName = Release;
		};
		DC7BA67729EDAEE1009C0033 /* Build configuration list for PBXNativeTarget "login_pageTests" */ = {
			isa = XCConfigurationList;
			buildConfigurations = (
				DC7BA67829EDAEE1009C0033 /* Debug */,
				DC7BA67929EDAEE1009C0033 /* Release */,
			);
			defaultConfigurationIsVisible = 0;
			defaultConfigurationName = Release;
		};
		DC7BA67A29EDAEE1009C0033 /* Build configuration list for PBXNativeTarget "login_pageUITests" */ = {
			isa = XCConfigurationList;
			buildConfigurations = (
				DC7BA67B29EDAEE1009C0033 /* Debug */,
				DC7BA67C29EDAEE1009C0033 /* Release */,
			);
			defaultConfigurationIsVisible = 0;
			defaultConfigurationName = Release;
		};
/* End XCConfigurationList section */
	};
	rootObject = DC7BA64229EDAEDF009C0033 /* Project object */;
}
